PODS:
  - FBSnapshotTestCase (2.1.4):
    - FBSnapshotTestCase/SwiftSupport (= 2.1.4)
  - FBSnapshotTestCase/Core (2.1.4)
  - FBSnapshotTestCase/SwiftSupport (2.1.4):
    - FBSnapshotTestCase/Core
  - Kiwi (2.4.0)
  - XEForm (0.1.0)

DEPENDENCIES:
  - FBSnapshotTestCase
  - Kiwi
  - XEForm (from `../`)

EXTERNAL SOURCES:
  XEForm:
    :path: ../

SPEC CHECKSUMS:
  FBSnapshotTestCase: 094f9f314decbabe373b87cc339bea235a63e07a
  Kiwi: f49c9d54b28917df5928fe44968a39ed198cb8a8
  XEForm: 665b320dcc60ab22734275105a9ad160d74423f6

PODFILE CHECKSUM: 4db92b106dfcaf706a6d6acf403b57c935b68615

COCOAPODS: 1.1.1
